PODS:
  - boost-for-react-native (1.63.0)
  - DoubleConversion (1.1.5)
  - Folly (2018.10.22.00):
    - boost-for-react-native
    - DoubleConversion
    - glog
  - glog (0.3.4)
  - React (0.59.9):
    - React/Core (= 0.59.9)
  - react-native-twilio-video-webrtc (2.0.0):
    - React
    - TwilioVideo (~> 4.1)
  - React/Core (0.59.9):
    - yoga (= 0.59.9.React)
  - React/CxxBridge (0.59.9):
    - Folly (= 2018.10.22.00)
    - React/Core
    - React/cxxreact
    - React/jsiexecutor
  - React/cxxreact (0.59.9):
    - boost-for-react-native (= 1.63.0)
    - DoubleConversion
    - Folly (= 2018.10.22.00)
    - glog
    - React/jsinspector
  - React/jsi (0.59.9):
    - DoubleConversion
    - Folly (= 2018.10.22.00)
    - glog
  - React/jsiexecutor (0.59.9):
    - DoubleConversion
    - Folly (= 2018.10.22.00)
    - glog
    - React/cxxreact
    - React/jsi
  - React/jsinspector (0.59.9)
  - TwilioVideo (4.1.0)
  - yoga (0.59.9.React)

DEPENDENCIES:
  - Folly (from `../node_modules/react-native/third-party-podspecs/Folly.podspec`)
  - react-native-twilio-video-webrtc (from `../../`)
  - React/Core (from `../node_modules/react-native`)
  - React/CxxBridge (from `../node_modules/react-native`)
  - yoga (from `../node_modules/react-native/ReactCommon/yoga`)

SPEC REPOS:
  https://github.com/CocoaPods/Specs.git:
    - boost-for-react-native
    - DoubleConversion
    - glog
    - TwilioVideo

EXTERNAL SOURCES:
  Folly:
    :podspec: "../node_modules/react-native/third-party-podspecs/Folly.podspec"
  React:
    :path: "../node_modules/react-native"
  react-native-twilio-video-webrtc:
    :path: "../../"
  yoga:
    :path: "../node_modules/react-native/ReactCommon/yoga"

SPEC CHECKSUMS:
  boost-for-react-native: 39c7adb57c4e60d6c5479dd8623128eb5b3f0f2c
  DoubleConversion: e22e0762848812a87afd67ffda3998d9ef29170c
  Folly: de497beb10f102453a1afa9edbf8cf8a251890de
  glog: 1de0bb937dccdc981596d3b5825ebfb765017ded
  React: a86b92f00edbe1873a63e4a212c29b7a7ad5224f
  react-native-twilio-video-webrtc: 5b40ee0129687cb89fb5055680aed35c8db4be07
  TwilioVideo: 17bfe3dcac945c6c1235c4584dc37e07a28ccb61
  yoga: 03ff42a6f223fb88deeaed60249020d80c3091ee

PODFILE CHECKSUM: a22eec28b45c6a20b9c752a17cdef0f608e13c10

COCOAPODS: 1.10.0
